
Microsoft Visual Studio Solution File, Format Version 12.00
# Visual Studio Version 16
VisualStudioVersion = 16.0.30503.244
MinimumVisualStudioVersion = 10.0.40219.1
Project("{FAE04EC0-301F-11D3-BF4B-00C04F79EFBC}") = "WebApplication5", "WebApplication5\WebApplication5.csproj", "{D5F93E4F-EEE5-4952-911E-3C15A52F4DCF}"
EndProject
Global
	GlobalSection(SolutionConfigurationPlatforms) = preSolution
		Debug|Any CPU = Debug|Any CPU
		Release|Any CPU = Release|Any CPU
	EndGlobalSection
	GlobalSection(ProjectConfigurationPlatforms) = postSolution
		{D5F93E4F-EEE5-4952-911E-3C15A52F4DCF}.Debug|Any CPU.ActiveCfg = Debug|Any CPU
		{D5F93E4F-EEE5-4952-911E-3C15A52F4DCF}.Debug|Any CPU.Build.0 = Debug|Any CPU
		{D5F93E4F-EEE5-4952-911E-3C15A52F4DCF}.Release|Any CPU.ActiveCfg = Release|Any CPU
		{D5F93E4F-EEE5-4952-911E-3C15A52F4DCF}.Release|Any CPU.Build.0 = Release|Any CPU
	EndGlobalSection
	GlobalSection(SolutionProperties) = preSolution
		HideSolutionNode = FALSE
	EndGlobalSection
	GlobalSection(ExtensibilityGlobals) = postSolution
		SolutionGuid = {9598804F-5FA7-44A8-A950-5DC6724C8932}
	EndGlobalSection
EndGlobal
