
Microsoft Visual Studio Solution File, Format Version 12.00
# Visual Studio Version 16
VisualStudioVersion = 16.0.30804.86
MinimumVisualStudioVersion = 10.0.40219.1
Project("{FAE04EC0-301F-11D3-BF4B-00C04F79EFBC}") = "ExamenWilfart", "ExamenWilfart.csproj", "{0397A292-DFDE-4E45-A329-92D82F7763F3}"
EndProject
Global
	GlobalSection(SolutionConfigurationPlatforms) = preSolution
		Debug|Any CPU = Debug|Any CPU
		Release|Any CPU = Release|Any CPU
	EndGlobalSection
	GlobalSection(ProjectConfigurationPlatforms) = postSolution
		{0397A292-DFDE-4E45-A329-92D82F7763F3}.Debug|Any CPU.ActiveCfg = Debug|Any CPU
		{0397A292-DFDE-4E45-A329-92D82F7763F3}.Debug|Any CPU.Build.0 = Debug|Any CPU
		{0397A292-DFDE-4E45-A329-92D82F7763F3}.Release|Any CPU.ActiveCfg = Release|Any CPU
		{0397A292-DFDE-4E45-A329-92D82F7763F3}.Release|Any CPU.Build.0 = Release|Any CPU
	EndGlobalSection
	GlobalSection(SolutionProperties) = preSolution
		HideSolutionNode = FALSE
	EndGlobalSection
	GlobalSection(ExtensibilityGlobals) = postSolution
		SolutionGuid = {DF5171BB-0A27-4D75-B312-5A6326820AA8}
	EndGlobalSection
EndGlobal
