
Microsoft Visual Studio Solution File, Format Version 12.00
# Visual Studio Version 16
VisualStudioVersion = 16.0.30503.244
MinimumVisualStudioVersion = 10.0.40219.1
Project("{FAE04EC0-301F-11D3-BF4B-00C04F79EFBC}") = "WpfApp1", "WpfApp1.csproj", "{CBC7EEFF-ACAA-4369-9634-9E0598683B89}"
EndProject
Global
	GlobalSection(SolutionConfigurationPlatforms) = preSolution
		Debug|Any CPU = Debug|Any CPU
		Release|Any CPU = Release|Any CPU
	EndGlobalSection
	GlobalSection(ProjectConfigurationPlatforms) = postSolution
		{CBC7EEFF-ACAA-4369-9634-9E0598683B89}.Debug|Any CPU.ActiveCfg = Debug|Any CPU
		{CBC7EEFF-ACAA-4369-9634-9E0598683B89}.Debug|Any CPU.Build.0 = Debug|Any CPU
		{CBC7EEFF-ACAA-4369-9634-9E0598683B89}.Release|Any CPU.ActiveCfg = Release|Any CPU
		{CBC7EEFF-ACAA-4369-9634-9E0598683B89}.Release|Any CPU.Build.0 = Release|Any CPU
	EndGlobalSection
	GlobalSection(SolutionProperties) = preSolution
		HideSolutionNode = FALSE
	EndGlobalSection
	GlobalSection(ExtensibilityGlobals) = postSolution
		SolutionGuid = {5F5AD959-3730-4DE0-98C5-3B476B242FB4}
	EndGlobalSection
EndGlobal
